
Microsoft Visual Studio Solution File, Format Version 12.00
# Visual Studio Version 16
VisualStudioVersion = 16.0.31829.152
MinimumVisualStudioVersion = 10.0.40219.1
Project("{FAE04EC0-301F-11D3-BF4B-00C04F79EFBC}") = "simulace", "simulace\simulace.csproj", "{88D509B5-245F-41B9-81EF-E7FBAF5A4616}"
EndProject
Global
	GlobalSection(SolutionConfigurationPlatforms) = preSolution
		Debug|Any CPU = Debug|Any CPU
		Release|Any CPU = Release|Any CPU
	EndGlobalSection
	GlobalSection(ProjectConfigurationPlatforms) = postSolution
		{88D509B5-245F-41B9-81EF-E7FBAF5A4616}.Debug|Any CPU.ActiveCfg = Debug|Any CPU
		{88D509B5-245F-41B9-81EF-E7FBAF5A4616}.Debug|Any CPU.Build.0 = Debug|Any CPU
		{88D509B5-245F-41B9-81EF-E7FBAF5A4616}.Release|Any CPU.ActiveCfg = Release|Any CPU
		{88D509B5-245F-41B9-81EF-E7FBAF5A4616}.Release|Any CPU.Build.0 = Release|Any CPU
	EndGlobalSection
	GlobalSection(SolutionProperties) = preSolution
		HideSolutionNode = FALSE
	EndGlobalSection
	GlobalSection(ExtensibilityGlobals) = postSolution
		SolutionGuid = {1B67CCFB-69A3-422A-82ED-249A98092D08}
	EndGlobalSection
EndGlobal
